
Microsoft Visual Studio Solution File, Format Version 12.00
# Visual Studio Version 17
VisualStudioVersion = 17.8.34322.80
MinimumVisualStudioVersion = 10.0.40219.1
Project("{8BC9CEB8-8B4A-11D0-8D11-00A0C91BC942}") = "LW0", "LW0\LW0.vcxproj", "{E62C7AB5-D4F9-4856-879F-302FFCF4C5B1}"
EndProject
Global
	GlobalSection(SolutionConfigurationPlatforms) = preSolution
		Debug|x64 = Debug|x64
		Debug|x86 = Debug|x86
		Release|x64 = Release|x64
		Release|x86 = Release|x86
	EndGlobalSection
	GlobalSection(ProjectConfigurationPlatforms) = postSolution
		{E62C7AB5-D4F9-4856-879F-302FFCF4C5B1}.Debug|x64.ActiveCfg = Debug|x64
		{E62C7AB5-D4F9-4856-879F-302FFCF4C5B1}.Debug|x64.Build.0 = Debug|x64
		{E62C7AB5-D4F9-4856-879F-302FFCF4C5B1}.Debug|x86.ActiveCfg = Debug|Win32
		{E62C7AB5-D4F9-4856-879F-302FFCF4C5B1}.Debug|x86.Build.0 = Debug|Win32
		{E62C7AB5-D4F9-4856-879F-302FFCF4C5B1}.Release|x64.ActiveCfg = Release|x64
		{E62C7AB5-D4F9-4856-879F-302FFCF4C5B1}.Release|x64.Build.0 = Release|x64
		{E62C7AB5-D4F9-4856-879F-302FFCF4C5B1}.Release|x86.ActiveCfg = Release|Win32
		{E62C7AB5-D4F9-4856-879F-302FFCF4C5B1}.Release|x86.Build.0 = Release|Win32
	EndGlobalSection
	GlobalSection(SolutionProperties) = preSolution
		HideSolutionNode = FALSE
	EndGlobalSection
	GlobalSection(ExtensibilityGlobals) = postSolution
		SolutionGuid = {EAC44D83-2C80-4E91-BFAB-61AB5C7D080D}
	EndGlobalSection
EndGlobal
